
Microsoft Visual Studio Solution File, Format Version 12.00
# Visual Studio Version 16
VisualStudioVersion = 16.0.29306.81
MinimumVisualStudioVersion = 10.0.40219.1
Project("{FAE04EC0-301F-11D3-BF4B-00C04F79EFBC}") = "MixedInputSearchDemo", "MixedInputSearchDemo\MixedInputSearchDemo.csproj", "{AA7EC97F-38EC-4CE7-804C-D44614357571}"
EndProject
Global
	GlobalSection(SolutionConfigurationPlatforms) = preSolution
		Debug|Any CPU = Debug|Any CPU
		Release|Any CPU = Release|Any CPU
	EndGlobalSection
	GlobalSection(ProjectConfigurationPlatforms) = postSolution
		{AA7EC97F-38EC-4CE7-804C-D44614357571}.Debug|Any CPU.ActiveCfg = Debug|Any CPU
		{AA7EC97F-38EC-4CE7-804C-D44614357571}.Debug|Any CPU.Build.0 = Debug|Any CPU
		{AA7EC97F-38EC-4CE7-804C-D44614357571}.Release|Any CPU.ActiveCfg = Release|Any CPU
		{AA7EC97F-38EC-4CE7-804C-D44614357571}.Release|Any CPU.Build.0 = Release|Any CPU
	EndGlobalSection
	GlobalSection(SolutionProperties) = preSolution
		HideSolutionNode = FALSE
	EndGlobalSection
	GlobalSection(ExtensibilityGlobals) = postSolution
		SolutionGuid = {CBAA3110-85C4-4B24-A983-072981116A12}
	EndGlobalSection
EndGlobal
